// !$*UTF8*$!
{
	archiveVersion = 1;
	classes = {
	};
	objectVersion = 46;
	objects = {

/* Begin PBXBuildFile section */
		AC0886891E65E2FF00C1FC43 /* main.m in Sources */ = {isa = PBXBuildFile; fileRef = AC0886881E65E2FF00C1FC43 /* main.m */; };
		AC08868C1E65E2FF00C1FC43 /* AppDelegate.m in Sources */ = {isa = PBXBuildFile; fileRef = AC08868B1E65E2FF00C1FC43 /* AppDelegate.m */; };
		AC08868F1E65E2FF00C1FC43 /* ViewController.m in Sources */ = {isa = PBXBuildFile; fileRef = AC08868E1E65E2FF00C1FC43 /* ViewController.m */; };
		AC0886921E65E30000C1FC43 /* Main.storyboard in Resources */ = {isa = PBXBuildFile; fileRef = AC0886901E65E30000C1FC43 /* Main.storyboard */; };
		AC0886941E65E30000C1FC43 /* Assets.xcassets in Resources */ = {isa = PBXBuildFile; fileRef = AC0886931E65E30000C1FC43 /* Assets.xcassets */; };
		AC0886971E65E30000C1FC43 /* LaunchScreen.storyboard in Resources */ = {isa = PBXBuildFile; fileRef = AC0886951E65E30000C1FC43 /* LaunchScreen.storyboard */; };
		AC0886A21E65E30100C1FC43 /* alertBoxTests.m in Sources */ = {isa = PBXBuildFile; fileRef = AC0886A11E65E30100C1FC43 /* alertBoxTests.m */; };
		AC0886AD1E65E30100C1FC43 /* alertBoxUITests.m in Sources */ = {isa = PBXBuildFile; fileRef = AC0886AC1E65E30100C1FC43 /* alertBoxUITests.m */; };
/* End PBXBuildFile section */

/* Begin PBXContainerItemProxy section */
		AC08869E1E65E30100C1FC43 /* PBXContainerItemProxy */ = {
			isa = PBXContainerItemProxy;
			containerPortal = AC08867C1E65E2FD00C1FC43 /* Project object */;
			proxyType = 1;
			remoteGlobalIDString = AC0886831E65E2FE00C1FC43;
			remoteInfo = alertBox;
		};
		AC0886A91E65E30100C1FC43 /* PBXContainerItemProxy */ = {
			isa = PBXContainerItemProxy;
			containerPortal = AC08867C1E65E2FD00C1FC43 /* Project object */;
			proxyType = 1;
			remoteGlobalIDString = AC0886831E65E2FE00C1FC43;
			remoteInfo = alertBox;
		};
/* End PBXContainerItemProxy section */

/* Begin PBXFileReference section */
		AC0886841E65E2FE00C1FC43 /* alertBox.app */ = {isa = PBXFileReference; explicitFileType = wrapper.application; includeInIndex = 0; path = alertBox.app; sourceTree = BUILT_PRODUCTS_DIR; };
		AC0886881E65E2FF00C1FC43 /* main.m */ = {isa = PBXFileReference; lastKnownFileType = sourcecode.c.objc; path = main.m; sourceTree = "<group>"; };
		AC08868A1E65E2FF00C1FC43 /* AppDelegate.h */ = {isa = PBXFileReference; lastKnownFileType = sourcecode.c.h; path = AppDelegate.h; sourceTree = "<group>"; };
		AC08868B1E65E2FF00C1FC43 /* AppDelegate.m */ = {isa = PBXFileReference; lastKnownFileType = sourcecode.c.objc; path = AppDelegate.m; sourceTree = "<group>"; };
		AC08868D1E65E2FF00C1FC43 /* ViewController.h */ = {isa = PBXFileReference; lastKnownFileType = sourcecode.c.h; path = ViewController.h; sourceTree = "<group>"; };
		AC08868E1E65E2FF00C1FC43 /* ViewController.m */ = {isa = PBXFileReference; lastKnownFileType = sourcecode.c.objc; path = ViewController.m; sourceTree = "<group>"; };
		AC0886911E65E30000C1FC43 /* Base */ = {isa = PBXFileReference; lastKnownFileType = file.storyboard; name = Base; path = Base.lproj/Main.storyboard; sourceTree = "<group>"; };
		AC0886931E65E30000C1FC43 /* Assets.xcassets */ = {isa = PBXFileReference; lastKnownFileType = folder.assetcatalog; path = Assets.xcassets; sourceTree = "<group>"; };
		AC0886961E65E30000C1FC43 /* Base */ = {isa = PBXFileReference; lastKnownFileType = file.storyboard; name = Base; path = Base.lproj/LaunchScreen.storyboard; sourceTree = "<group>"; };
		AC0886981E65E30000C1FC43 /* Info.plist */ = {isa = PBXFileReference; lastKnownFileType = text.plist.xml; path = Info.plist; sourceTree = "<group>"; };
		AC08869D1E65E30100C1FC43 /* alertBoxTests.xctest */ = {isa = PBXFileReference; explicitFileType = wrapper.cfbundle; includeInIndex = 0; path = alertBoxTests.xctest; sourceTree = BUILT_PRODUCTS_DIR; };
		AC0886A11E65E30100C1FC43 /* alertBoxTests.m */ = {isa = PBXFileReference; lastKnownFileType = sourcecode.c.objc; path = alertBoxTests.m; sourceTree = "<group>"; };
		AC0886A31E65E30100C1FC43 /* Info.plist */ = {isa = PBXFileReference; lastKnownFileType = text.plist.xml; path = Info.plist; sourceTree = "<group>"; };
		AC0886A81E65E30100C1FC43 /* alertBoxUITests.xctest */ = {isa = PBXFileReference; explicitFileType = wrapper.cfbundle; includeInIndex = 0; path = alertBoxUITests.xctest; sourceTree = BUILT_PRODUCTS_DIR; };
		AC0886AC1E65E30100C1FC43 /* alertBoxUITests.m */ = {isa = PBXFileReference; lastKnownFileType = sourcecode.c.objc; path = alertBoxUITests.m; sourceTree = "<group>"; };
		AC0886AE1E65E30100C1FC43 /* Info.plist */ = {isa = PBXFileReference; lastKnownFileType = text.plist.xml; path = Info.plist; sourceTree = "<group>"; };
/* End PBXFileReference section */

/* Begin PBXFrameworksBuildPhase section */
		AC0886811E65E2FE00C1FC43 /* Frameworks */ = {
			isa = PBXFrameworksBuildPhase;
			buildActionMask = 2147483647;
			files = (
			);
			runOnlyForDeploymentPostprocessing = 0;
		};
		AC08869A1E65E30100C1FC43 /* Frameworks */ = {
			isa = PBXFrameworksBuildPhase;
			buildActionMask = 2147483647;
			files = (
			);
			runOnlyForDeploymentPostprocessing = 0;
		};
		AC0886A51E65E30100C1FC43 /* Frameworks */ = {
			isa = PBXFrameworksBuildPhase;
			buildActionMask = 2147483647;
			files = (
			);
			runOnlyForDeploymentPostprocessing = 0;
		};
/* End PBXFrameworksBuildPhase section */

/* Begin PBXGroup section */
		AC08867B1E65E2FC00C1FC43 = {
			isa = PBXGroup;
			children = (
				AC0886861E65E2FF00C1FC43 /* alertBox */,
				AC0886A01E65E30100C1FC43 /* alertBoxTests */,
				AC0886AB1E65E30100C1FC43 /* alertBoxUITests */,
				AC0886851E65E2FE00C1FC43 /* Products */,
			);
			sourceTree = "<group>";
		};
		AC0886851E65E2FE00C1FC43 /* Products */ = {
			isa = PBXGroup;
			children = (
				AC0886841E65E2FE00C1FC43 /* alertBox.app */,
				AC08869D1E65E30100C1FC43 /* alertBoxTests.xctest */,
				AC0886A81E65E30100C1FC43 /* alertBoxUITests.xctest */,
			);
			name = Products;
			sourceTree = "<group>";
		};
		AC0886861E65E2FF00C1FC43 /* alertBox */ = {
			isa = PBXGroup;
			children = (
				AC08868A1E65E2FF00C1FC43 /* AppDelegate.h */,
				AC08868B1E65E2FF00C1FC43 /* AppDelegate.m */,
				AC08868D1E65E2FF00C1FC43 /* ViewController.h */,
				AC08868E1E65E2FF00C1FC43 /* ViewController.m */,
				AC0886901E65E30000C1FC43 /* Main.storyboard */,
				AC0886931E65E30000C1FC43 /* Assets.xcassets */,
				AC0886951E65E30000C1FC43 /* LaunchScreen.storyboard */,
				AC0886981E65E30000C1FC43 /* Info.plist */,
				AC0886871E65E2FF00C1FC43 /* Supporting Files */,
			);
			path = alertBox;
			sourceTree = "<group>";
		};
		AC0886871E65E2FF00C1FC43 /* Supporting Files */ = {
			isa = PBXGroup;
			children = (
				AC0886881E65E2FF00C1FC43 /* main.m */,
			);
			name = "Supporting Files";
			sourceTree = "<group>";
		};
		AC0886A01E65E30100C1FC43 /* alertBoxTests */ = {
			isa = PBXGroup;
			children = (
				AC0886A11E65E30100C1FC43 /* alertBoxTests.m */,
				AC0886A31E65E30100C1FC43 /* Info.plist */,
			);
			path = alertBoxTests;
			sourceTree = "<group>";
		};
		AC0886AB1E65E30100C1FC43 /* alertBoxUITests */ = {
			isa = PBXGroup;
			children = (
				AC0886AC1E65E30100C1FC43 /* alertBoxUITests.m */,
				AC0886AE1E65E30100C1FC43 /* Info.plist */,
			);
			path = alertBoxUITests;
			sourceTree = "<group>";
		};
/* End PBXGroup section */

/* Begin PBXNativeTarget section */
		AC0886831E65E2FE00C1FC43 /* alertBox */ = {
			isa = PBXNativeTarget;
			buildConfigurationList = AC0886B11E65E30100C1FC43 /* Build configuration list for PBXNativeTarget "alertBox" */;
			buildPhases = (
				AC0886801E65E2FE00C1FC43 /* Sources */,
				AC0886811E65E2FE00C1FC43 /* Frameworks */,
				AC0886821E65E2FE00C1FC43 /* Resources */,
			);
			buildRules = (
			);
			dependencies = (
			);
			name = alertBox;
			productName = alertBox;
			productReference = AC0886841E65E2FE00C1FC43 /* alertBox.app */;
			productType = "com.apple.product-type.application";
		};
		AC08869C1E65E30100C1FC43 /* alertBoxTests */ = {
			isa = PBXNativeTarget;
			buildConfigurationList = AC0886B41E65E30100C1FC43 /* Build configuration list for PBXNativeTarget "alertBoxTests" */;
			buildPhases = (
				AC0886991E65E30100C1FC43 /* Sources */,
				AC08869A1E65E30100C1FC43 /* Frameworks */,
				AC08869B1E65E30100C1FC43 /* Resources */,
			);
			buildRules = (
			);
			dependencies = (
				AC08869F1E65E30100C1FC43 /* PBXTargetDependency */,
			);
			name = alertBoxTests;
			productName = alertBoxTests;
			productReference = AC08869D1E65E30100C1FC43 /* alertBoxTests.xctest */;
			productType = "com.apple.product-type.bundle.unit-test";
		};
		AC0886A71E65E30100C1FC43 /* alertBoxUITests */ = {
			isa = PBXNativeTarget;
			buildConfigurationList = AC0886B71E65E30100C1FC43 /* Build configuration list for PBXNativeTarget "alertBoxUITests" */;
			buildPhases = (
				AC0886A41E65E30100C1FC43 /* Sources */,
				AC0886A51E65E30100C1FC43 /* Frameworks */,
				AC0886A61E65E30100C1FC43 /* Resources */,
			);
			buildRules = (
			);
			dependencies = (
				AC0886AA1E65E30100C1FC43 /* PBXTargetDependency */,
			);
			name = alertBoxUITests;
			productName = alertBoxUITests;
			productReference = AC0886A81E65E30100C1FC43 /* alertBoxUITests.xctest */;
			productType = "com.apple.product-type.bundle.ui-testing";
		};
/* End PBXNativeTarget section */

/* Begin PBXProject section */
		AC08867C1E65E2FD00C1FC43 /* Project object */ = {
			isa = PBXProject;
			attributes = {
				LastUpgradeCheck = 0800;
				ORGANIZATIONNAME = Praveen;
				TargetAttributes = {
					AC0886831E65E2FE00C1FC43 = {
						CreatedOnToolsVersion = 8.0;
						ProvisioningStyle = Automatic;
					};
					AC08869C1E65E30100C1FC43 = {
						CreatedOnToolsVersion = 8.0;
						DevelopmentTeam = EN2K7BS8NT;
						ProvisioningStyle = Automatic;
						TestTargetID = AC0886831E65E2FE00C1FC43;
					};
					AC0886A71E65E30100C1FC43 = {
						CreatedOnToolsVersion = 8.0;
						DevelopmentTeam = EN2K7BS8NT;
						ProvisioningStyle = Automatic;
						TestTargetID = AC0886831E65E2FE00C1FC43;
					};
				};
			};
			buildConfigurationList = AC08867F1E65E2FD00C1FC43 /* Build configuration list for PBXProject "alertBox" */;
			compatibilityVersion = "Xcode 3.2";
			developmentRegion = English;
			hasScannedForEncodings = 0;
			knownRegions = (
				en,
				Base,
			);
			mainGroup = AC08867B1E65E2FC00C1FC43;
			productRefGroup = AC0886851E65E2FE00C1FC43 /* Products */;
			projectDirPath = "";
			projectRoot = "";
			targets = (
				AC0886831E65E2FE00C1FC43 /* alertBox */,
				AC08869C1E65E30100C1FC43 /* alertBoxTests */,
				AC0886A71E65E30100C1FC43 /* alertBoxUITests */,
			);
		};
/* End PBXProject section */

/* Begin PBXResourcesBuildPhase section */
		AC0886821E65E2FE00C1FC43 /* Resources */ = {
			isa = PBXResourcesBuildPhase;
			buildActionMask = 2147483647;
			files = (
				AC0886971E65E30000C1FC43 /* LaunchScreen.storyboard in Resources */,
				AC0886941E65E30000C1FC43 /* Assets.xcassets in Resources */,
				AC0886921E65E30000C1FC43 /* Main.storyboard in Resources */,
			);
			runOnlyForDeploymentPostprocessing = 0;
		};
		AC08869B1E65E30100C1FC43 /* Resources */ = {
			isa = PBXResourcesBuildPhase;
			buildActionMask = 2147483647;
			files = (
			);
			runOnlyForDeploymentPostprocessing = 0;
		};
		AC0886A61E65E30100C1FC43 /* Resources */ = {
			isa = PBXResourcesBuildPhase;
			buildActionMask = 2147483647;
			files = (
			);
			runOnlyForDeploymentPostprocessing = 0;
		};
/* End PBXResourcesBuildPhase section */

/* Begin PBXSourcesBuildPhase section */
		AC0886801E65E2FE00C1FC43 /* Sources */ = {
			isa = PBXSourcesBuildPhase;
			buildActionMask = 2147483647;
			files = (
				AC08868F1E65E2FF00C1FC43 /* ViewController.m in Sources */,
				AC08868C1E65E2FF00C1FC43 /* AppDelegate.m in Sources */,
				AC0886891E65E2FF00C1FC43 /* main.m in Sources */,
			);
			runOnlyForDeploymentPostprocessing = 0;
		};
		AC0886991E65E30100C1FC43 /* Sources */ = {
			isa = PBXSourcesBuildPhase;
			buildActionMask = 2147483647;
			files = (
				AC0886A21E65E30100C1FC43 /* alertBoxTests.m in Sources */,
			);
			runOnlyForDeploymentPostprocessing = 0;
		};
		AC0886A41E65E30100C1FC43 /* Sources */ = {
			isa = PBXSourcesBuildPhase;
			buildActionMask = 2147483647;
			files = (
				AC0886AD1E65E30100C1FC43 /* alertBoxUITests.m in Sources */,
			);
			runOnlyForDeploymentPostprocessing = 0;
		};
/* End PBXSourcesBuildPhase section */

/* Begin PBXTargetDependency section */
		AC08869F1E65E30100C1FC43 /* PBXTargetDependency */ = {
			isa = PBXTargetDependency;
			target = AC0886831E65E2FE00C1FC43 /* alertBox */;
			targetProxy = AC08869E1E65E30100C1FC43 /* PBXContainerItemProxy */;
		};
		AC0886AA1E65E30100C1FC43 /* PBXTargetDependency */ = {
			isa = PBXTargetDependency;
			target = AC0886831E65E2FE00C1FC43 /* alertBox */;
			targetProxy = AC0886A91E65E30100C1FC43 /* PBXContainerItemProxy */;
		};
/* End PBXTargetDependency section */

/* Begin PBXVariantGroup section */
		AC0886901E65E30000C1FC43 /* Main.storyboard */ = {
			isa = PBXVariantGroup;
			children = (
				AC0886911E65E30000C1FC43 /* Base */,
			);
			name = Main.storyboard;
			sourceTree = "<group>";
		};
		AC0886951E65E30000C1FC43 /* LaunchScreen.storyboard */ = {
			isa = PBXVariantGroup;
			children = (
				AC0886961E65E30000C1FC43 /* Base */,
			);
			name = LaunchScreen.storyboard;
			sourceTree = "<group>";
		};
/* End PBXVariantGroup section */

/* Begin XCBuildConfiguration section */
		AC0886AF1E65E30100C1FC43 /* Debug */ = {
			isa = XCBuildConfiguration;
			buildSettings = {
				ALWAYS_SEARCH_USER_PATHS = NO;
				CLANG_ANALYZER_NONNULL = YES;
				CLANG_CXX_LANGUAGE_STANDARD = "gnu++0x";
				CLANG_CXX_LIBRARY = "libc++";
				CLANG_ENABLE_MODULES = YES;
				CLANG_ENABLE_OBJC_ARC = YES;
				CLANG_WARN_BOOL_CONVERSION = YES;
				CLANG_WARN_CONSTANT_CONVERSION = YES;
				CLANG_WARN_DIRECT_OBJC_ISA_USAGE = YES_ERROR;
				CLANG_WARN_DOCUMENTATION_COMMENTS = YES;
				CLANG_WARN_EMPTY_BODY = YES;
				CLANG_WARN_ENUM_CONVERSION = YES;
				CLANG_WARN_INFINITE_RECURSION = YES;
				CLANG_WARN_INT_CONVERSION = YES;
				CLANG_WARN_OBJC_ROOT_CLASS = YES_ERROR;
				CLANG_WARN_SUSPICIOUS_MOVES = YES;
				CLANG_WARN_UNREACHABLE_CODE = YES;
				CLANG_WARN__DUPLICATE_METHOD_MATCH = YES;
				"CODE_SIGN_IDENTITY[sdk=iphoneos*]" = "iPhone Developer";
				COPY_PHASE_STRIP = NO;
				DEBUG_INFORMATION_FORMAT = dwarf;
				ENABLE_STRICT_OBJC_MSGSEND = YES;
				ENABLE_TESTABILITY = YES;
				GCC_C_LANGUAGE_STANDARD = gnu99;
				GCC_DYNAMIC_NO_PIC = NO;
				GCC_NO_COMMON_BLOCKS = YES;
				GCC_OPTIMIZATION_LEVEL = 0;
				GCC_PREPROCESSOR_DEFINITIONS = (
					"DEBUG=1",
					"$(inherited)",
				);
				GCC_WARN_64_TO_32_BIT_CONVERSION = YES;
				GCC_WARN_ABOUT_RETURN_TYPE = YES_ERROR;
				GCC_WARN_UNDECLARED_SELECTOR = YES;
				GCC_WARN_UNINITIALIZED_AUTOS = YES_AGGRESSIVE;
				GCC_WARN_UNUSED_FUNCTION = YES;
				GCC_WARN_UNUSED_VARIABLE = YES;
				IPHONEOS_DEPLOYMENT_TARGET = 10.0;
				MTL_ENABLE_DEBUG_INFO = YES;
				ONLY_ACTIVE_ARCH = YES;
				SDKROOT = iphoneos;
				TARGETED_DEVICE_FAMILY = "1,2";
			};
			name = Debug;
		};
		AC0886B01E65E30100C1FC43 /* Release */ = {
			isa = XCBuildConfiguration;
			buildSettings = {
				ALWAYS_SEARCH_USER_PATHS = NO;
				CLANG_ANALYZER_NONNULL = YES;
				CLANG_CXX_LANGUAGE_STANDARD = "gnu++0x";
				CLANG_CXX_LIBRARY = "libc++";
				CLANG_ENABLE_MODULES = YES;
				CLANG_ENABLE_OBJC_ARC = YES;
				CLANG_WARN_BOOL_CONVERSION = YES;
				CLANG_WARN_CONSTANT_CONVERSION = YES;
				CLANG_WARN_DIRECT_OBJC_ISA_USAGE = YES_ERROR;
				CLANG_WARN_DOCUMENTATION_COMMENTS = YES;
				CLANG_WARN_EMPTY_BODY = YES;
				CLANG_WARN_ENUM_CONVERSION = YES;
				CLANG_WARN_INFINITE_RECURSION = YES;
				CLANG_WARN_INT_CONVERSION = YES;
				CLANG_WARN_OBJC_ROOT_CLASS = YES_ERROR;
				CLANG_WARN_SUSPICIOUS_MOVES = YES;
				CLANG_WARN_UNREACHABLE_CODE = YES;
				CLANG_WARN__DUPLICATE_METHOD_MATCH = YES;
				"CODE_SIGN_IDENTITY[sdk=iphoneos*]" = "iPhone Developer";
				COPY_PHASE_STRIP = NO;
				DEBUG_INFORMATION_FORMAT = "dwarf-with-dsym";
				ENABLE_NS_ASSERTIONS = NO;
				ENABLE_STRICT_OBJC_MSGSEND = YES;
				GCC_C_LANGUAGE_STANDARD = gnu99;
				GCC_NO_COMMON_BLOCKS = YES;
				GCC_WARN_64_TO_32_BIT_CONVERSION = YES;
				GCC_WARN_ABOUT_RETURN_TYPE = YES_ERROR;
				GCC_WARN_UNDECLARED_SELECTOR = YES;
				GCC_WARN_UNINITIALIZED_AUTOS = YES_AGGRESSIVE;
				GCC_WARN_UNUSED_FUNCTION = YES;
				GCC_WARN_UNUSED_VARIABLE = YES;
				IPHONEOS_DEPLOYMENT_TARGET = 10.0;
				MTL_ENABLE_DEBUG_INFO = NO;
				SDKROOT = iphoneos;
				TARGETED_DEVICE_FAMILY = "1,2";
				VALIDATE_PRODUCT = YES;
			};
			name = Release;
		};
		AC0886B21E65E30100C1FC43 /* Debug */ = {
			isa = XCBuildConfiguration;
			buildSettings = {
				ASSETCATALOG_COMPILER_APPICON_NAME = AppIcon;
				DEVELOPMENT_TEAM = "";
				INFOPLIST_FILE = alertBox/Info.plist;
				LD_RUNPATH_SEARCH_PATHS = "$(inherited) @executable_path/Frameworks";
				PRODUCT_BUNDLE_IDENTIFIER = Praveen.alertBox;
				PRODUCT_NAME = "$(TARGET_NAME)";
			};
			name = Debug;
		};
		AC0886B31E65E30100C1FC43 /* Release */ = {
			isa = XCBuildConfiguration;
			buildSettings = {
				ASSETCATALOG_COMPILER_APPICON_NAME = AppIcon;
				DEVELOPMENT_TEAM = "";
				INFOPLIST_FILE = alertBox/Info.plist;
				LD_RUNPATH_SEARCH_PATHS = "$(inherited) @executable_path/Frameworks";
				PRODUCT_BUNDLE_IDENTIFIER = Praveen.alertBox;
				PRODUCT_NAME = "$(TARGET_NAME)";
			};
			name = Release;
		};
		AC0886B51E65E30100C1FC43 /* Debug */ = {
			isa = XCBuildConfiguration;
			buildSettings = {
				BUNDLE_LOADER = "$(TEST_HOST)";
				DEVELOPMENT_TEAM = EN2K7BS8NT;
				INFOPLIST_FILE = alertBoxTests/Info.plist;
				LD_RUNPATH_SEARCH_PATHS = "$(inherited) @executable_path/Frameworks @loader_path/Frameworks";
				PRODUCT_BUNDLE_IDENTIFIER = Praveen.alertBoxTests;
				PRODUCT_NAME = "$(TARGET_NAME)";
				TEST_HOST = "$(BUILT_PRODUCTS_DIR)/alertBox.app/alertBox";
			};
			name = Debug;
		};
		AC0886B61E65E30100C1FC43 /* Release */ = {
			isa = XCBuildConfiguration;
			buildSettings = {
				BUNDLE_LOADER = "$(TEST_HOST)";
				DEVELOPMENT_TEAM = EN2K7BS8NT;
				INFOPLIST_FILE = alertBoxTests/Info.plist;
				LD_RUNPATH_SEARCH_PATHS = "$(inherited) @executable_path/Frameworks @loader_path/Frameworks";
				PRODUCT_BUNDLE_IDENTIFIER = Praveen.alertBoxTests;
				PRODUCT_NAME = "$(TARGET_NAME)";
				TEST_HOST = "$(BUILT_PRODUCTS_DIR)/alertBox.app/alertBox";
			};
			name = Release;
		};
		AC0886B81E65E30100C1FC43 /* Debug */ = {
			isa = XCBuildConfiguration;
			buildSettings = {
				DEVELOPMENT_TEAM = EN2K7BS8NT;
				INFOPLIST_FILE = alertBoxUITests/Info.plist;
				LD_RUNPATH_SEARCH_PATHS = "$(inherited) @executable_path/Frameworks @loader_path/Frameworks";
				PRODUCT_BUNDLE_IDENTIFIER = Praveen.alertBoxUITests;
				PRODUCT_NAME = "$(TARGET_NAME)";
				TEST_TARGET_NAME = alertBox;
			};
			name = Debug;
		};
		AC0886B91E65E30100C1FC43 /* Release */ = {
			isa = XCBuildConfiguration;
			buildSettings = {
				DEVELOPMENT_TEAM = EN2K7BS8NT;
				INFOPLIST_FILE = alertBoxUITests/Info.plist;
				LD_RUNPATH_SEARCH_PATHS = "$(inherited) @executable_path/Frameworks @loader_path/Frameworks";
				PRODUCT_BUNDLE_IDENTIFIER = Praveen.alertBoxUITests;
				PRODUCT_NAME = "$(TARGET_NAME)";
				TEST_TARGET_NAME = alertBox;
			};
			name = Release;
		};
/* End XCBuildConfiguration section */

/* Begin XCConfigurationList section */
		AC08867F1E65E2FD00C1FC43 /* Build configuration list for PBXProject "alertBox" */ = {
			isa = XCConfigurationList;
			buildConfigurations = (
				AC0886AF1E65E30100C1FC43 /* Debug */,
				AC0886B01E65E30100C1FC43 /* Release */,
			);
			defaultConfigurationIsVisible = 0;
			defaultConfigurationName = Release;
		};
		AC0886B11E65E30100C1FC43 /* Build configuration list for PBXNativeTarget "alertBox" */ = {
			isa = XCConfigurationList;
			buildConfigurations = (
				AC0886B21E65E30100C1FC43 /* Debug */,
				AC0886B31E65E30100C1FC43 /* Release */,
			);
			defaultConfigurationIsVisible = 0;
			defaultConfigurationName = Release;
		};
		AC0886B41E65E30100C1FC43 /* Build configuration list for PBXNativeTarget "alertBoxTests" */ = {
			isa = XCConfigurationList;
			buildConfigurations = (
				AC0886B51E65E30100C1FC43 /* Debug */,
				AC0886B61E65E30100C1FC43 /* Release */,
			);
			defaultConfigurationIsVisible = 0;
			defaultConfigurationName = Release;
		};
		AC0886B71E65E30100C1FC43 /* Build configuration list for PBXNativeTarget "alertBoxUITests" */ = {
			isa = XCConfigurationList;
			buildConfigurations = (
				AC0886B81E65E30100C1FC43 /* Debug */,
				AC0886B91E65E30100C1FC43 /* Release */,
			);
			defaultConfigurationIsVisible = 0;
			defaultConfigurationName = Release;
		};
/* End XCConfigurationList section */
	};
	rootObject = AC08867C1E65E2FD00C1FC43 /* Project object */;
}
